<?xml version="1.0" encoding="utf-8"?>
<Project ToolsVersion="18.0" xmlns="http://schemas.microsoft.com/developer/msbuild/2003">
  <ItemGroup>
    <CustomBuild Include="C:\dev\plate-tectonics\build-png\CMakeFiles\b4f6cc0552d0eaef4a0995cb47a12cef\INSTALL_force.rule">
      <Filter>CMake Rules</Filter>
    </CustomBuild>
  </ItemGroup>
  <ItemGroup>
    <Filter Include="CMake Rules">
      <UniqueIdentifier>{6857DA05-4416-3F49-9458-58AFC087B028}</UniqueIdentifier>
    </Filter>
  </ItemGroup>
</Project>
